
Microsoft Visual Studio Solution File, Format Version 12.00
# Visual Studio Version 16
VisualStudioVersion = 16.0.29409.12
MinimumVisualStudioVersion = 10.0.40219.1
Project("{888888A0-9F3D-457C-B088-3A5042F75D52}") = "HousingDataFinland", "HousingDataFinland.pyproj", "{F8FA771A-D4DB-4A17-B148-AFD00001D40C}"
EndProject
Global
	GlobalSection(SolutionConfigurationPlatforms) = preSolution
		Debug|Any CPU = Debug|Any CPU
		Release|Any CPU = Release|Any CPU
	EndGlobalSection
	GlobalSection(ProjectConfigurationPlatforms) = postSolution
		{F8FA771A-D4DB-4A17-B148-AFD00001D40C}.Debug|Any CPU.ActiveCfg = Debug|Any CPU
		{F8FA771A-D4DB-4A17-B148-AFD00001D40C}.Release|Any CPU.ActiveCfg = Release|Any CPU
	EndGlobalSection
	GlobalSection(SolutionProperties) = preSolution
		HideSolutionNode = FALSE
	EndGlobalSection
	GlobalSection(ExtensibilityGlobals) = postSolution
		SolutionGuid = {0178B4DE-37D6-4CBF-86E9-E62A12E17B45}
	EndGlobalSection
EndGlobal
